// !$*UTF8*$!
{
	archiveVersion = 1;
	classes = {
	};
	objectVersion = 56;
	objects = {

/* Begin PBXBuildFile section */
		0231DA51759ABCBAB30574DC /* Pods_Paranoia.framework in Frameworks */ = {isa = PBXBuildFile; fileRef = BF40E4DA93E414E711DEE16D /* Pods_Paranoia.framework */; };
		AE65172F2943EED200385555 /* startViewController.swift in Sources */ = {isa = PBXBuildFile; fileRef = AE65172E2943EED200385555 /* startViewController.swift */; };
		AE6517332943F24300385555 /* StartView.swift in Sources */ = {isa = PBXBuildFile; fileRef = AE6517322943F24300385555 /* StartView.swift */; };
		AE6517352943F2B800385555 /* UIView+Ext..swift in Sources */ = {isa = PBXBuildFile; fileRef = AE6517342943F2B800385555 /* UIView+Ext..swift */; };
		AE6517382943F41D00385555 /* Enums&structs.swift in Sources */ = {isa = PBXBuildFile; fileRef = AE6517372943F41D00385555 /* Enums&structs.swift */; };
		AE65173A2943FB1900385555 /* WhiteDefaultButton.swift in Sources */ = {isa = PBXBuildFile; fileRef = AE6517392943FB1900385555 /* WhiteDefaultButton.swift */; };
		AEBE19D6293F79CC00983812 /* AppDelegate.swift in Sources */ = {isa = PBXBuildFile; fileRef = AEBE19D5293F79CC00983812 /* AppDelegate.swift */; };
		AEBE19D8293F79CC00983812 /* SceneDelegate.swift in Sources */ = {isa = PBXBuildFile; fileRef = AEBE19D7293F79CC00983812 /* SceneDelegate.swift */; };
		AEBE19DD293F79CC00983812 /* Main.storyboard in Resources */ = {isa = PBXBuildFile; fileRef = AEBE19DB293F79CC00983812 /* Main.storyboard */; };
		AEBE19DF293F79CD00983812 /* Assets.xcassets in Resources */ = {isa = PBXBuildFile; fileRef = AEBE19DE293F79CD00983812 /* Assets.xcassets */; };
		AEBE19E2293F79CD00983812 /* LaunchScreen.storyboard in Resources */ = {isa = PBXBuildFile; fileRef = AEBE19E0293F79CD00983812 /* LaunchScreen.storyboard */; };
/* End PBXBuildFile section */

/* Begin PBXFileReference section */
		3CEE3CFC31437D11CB792770 /* Pods-Paranoia.debug.xcconfig */ = {isa = PBXFileReference; includeInIndex = 1; lastKnownFileType = text.xcconfig; name = "Pods-Paranoia.debug.xcconfig"; path = "Target Support Files/Pods-Paranoia/Pods-Paranoia.debug.xcconfig"; sourceTree = "<group>"; };
		AE65172E2943EED200385555 /* startViewController.swift */ = {isa = PBXFileReference; lastKnownFileType = sourcecode.swift; path = startViewController.swift; sourceTree = "<group>"; };
		AE6517322943F24300385555 /* StartView.swift */ = {isa = PBXFileReference; lastKnownFileType = sourcecode.swift; path = StartView.swift; sourceTree = "<group>"; };
		AE6517342943F2B800385555 /* UIView+Ext..swift */ = {isa = PBXFileReference; lastKnownFileType = sourcecode.swift; path = "UIView+Ext..swift"; sourceTree = "<group>"; };
		AE6517372943F41D00385555 /* Enums&structs.swift */ = {isa = PBXFileReference; lastKnownFileType = sourcecode.swift; path = "Enums&structs.swift"; sourceTree = "<group>"; };
		AE6517392943FB1900385555 /* WhiteDefaultButton.swift */ = {isa = PBXFileReference; lastKnownFileType = sourcecode.swift; path = WhiteDefaultButton.swift; sourceTree = "<group>"; };
		AEBE19D2293F79CC00983812 /* Paranoia.app */ = {isa = PBXFileReference; explicitFileType = wrapper.application; includeInIndex = 0; path = Paranoia.app; sourceTree = BUILT_PRODUCTS_DIR; };
		AEBE19D5293F79CC00983812 /* AppDelegate.swift */ = {isa = PBXFileReference; lastKnownFileType = sourcecode.swift; path = AppDelegate.swift; sourceTree = "<group>"; };
		AEBE19D7293F79CC00983812 /* SceneDelegate.swift */ = {isa = PBXFileReference; lastKnownFileType = sourcecode.swift; path = SceneDelegate.swift; sourceTree = "<group>"; };
		AEBE19DC293F79CC00983812 /* Base */ = {isa = PBXFileReference; lastKnownFileType = file.storyboard; name = Base; path = Base.lproj/Main.storyboard; sourceTree = "<group>"; };
		AEBE19DE293F79CD00983812 /* Assets.xcassets */ = {isa = PBXFileReference; lastKnownFileType = folder.assetcatalog; path = Assets.xcassets; sourceTree = "<group>"; };
		AEBE19E1293F79CD00983812 /* Base */ = {isa = PBXFileReference; lastKnownFileType = file.storyboard; name = Base; path = Base.lproj/LaunchScreen.storyboard; sourceTree = "<group>"; };
		AEBE19E3293F79CD00983812 /* Info.plist */ = {isa = PBXFileReference; lastKnownFileType = text.plist.xml; path = Info.plist; sourceTree = "<group>"; };
		B90C0E61178358B8ADF44B67 /* Pods-Paranoia.release.xcconfig */ = {isa = PBXFileReference; includeInIndex = 1; lastKnownFileType = text.xcconfig; name = "Pods-Paranoia.release.xcconfig"; path = "Target Support Files/Pods-Paranoia/Pods-Paranoia.release.xcconfig"; sourceTree = "<group>"; };
		BF40E4DA93E414E711DEE16D /* Pods_Paranoia.framework */ = {isa = PBXFileReference; explicitFileType = wrapper.framework; includeInIndex = 0; path = Pods_Paranoia.framework; sourceTree = BUILT_PRODUCTS_DIR; };
/* End PBXFileReference section */

/* Begin PBXFrameworksBuildPhase section */
		AEBE19CF293F79CC00983812 /* Frameworks */ = {
			isa = PBXFrameworksBuildPhase;
			buildActionMask = 2147483647;
			files = (
				0231DA51759ABCBAB30574DC /* Pods_Paranoia.framework in Frameworks */,
			);
			runOnlyForDeploymentPostprocessing = 0;
		};
/* End PBXFrameworksBuildPhase section */

/* Begin PBXGroup section */
		AE6517362943F2C600385555 /* Extensions */ = {
			isa = PBXGroup;
			children = (
				AE6517342943F2B800385555 /* UIView+Ext..swift */,
			);
			path = Extensions;
			sourceTree = "<group>";
		};
		AE65173B2943FF0900385555 /* Resources */ = {
			isa = PBXGroup;
			children = (
				AE65173C2943FF1A00385555 /* Buttons */,
				AE6517372943F41D00385555 /* Enums&structs.swift */,
			);
			path = Resources;
			sourceTree = "<group>";
		};
		AE65173C2943FF1A00385555 /* Buttons */ = {
			isa = PBXGroup;
			children = (
				AE6517392943FB1900385555 /* WhiteDefaultButton.swift */,
			);
			path = Buttons;
			sourceTree = "<group>";
		};
		AE65173D2943FF2C00385555 /* VC&V */ = {
			isa = PBXGroup;
			children = (
				AE65173E2943FF4000385555 /* Start */,
			);
			path = "VC&V";
			sourceTree = "<group>";
		};
		AE65173E2943FF4000385555 /* Start */ = {
			isa = PBXGroup;
			children = (
				AE65172E2943EED200385555 /* startViewController.swift */,
				AE6517322943F24300385555 /* StartView.swift */,
			);
			path = Start;
			sourceTree = "<group>";
		};
		AE65173F2943FF5100385555 /* XcodeFiles */ = {
			isa = PBXGroup;
			children = (
				AEBE19D5293F79CC00983812 /* AppDelegate.swift */,
				AEBE19D7293F79CC00983812 /* SceneDelegate.swift */,
			);
			path = XcodeFiles;
			sourceTree = "<group>";
		};
		AEBE19C9293F79CC00983812 = {
			isa = PBXGroup;
			children = (
				AEBE19D4293F79CC00983812 /* Paranoia */,
				AEBE19D3293F79CC00983812 /* Products */,
				E8D987E99F17732EDF1FF5A3 /* Pods */,
				DFA143D529E1D0019E5E63DC /* Frameworks */,
			);
			sourceTree = "<group>";
		};
		AEBE19D3293F79CC00983812 /* Products */ = {
			isa = PBXGroup;
			children = (
				AEBE19D2293F79CC00983812 /* Paranoia.app */,
			);
			name = Products;
			sourceTree = "<group>";
		};
		AEBE19D4293F79CC00983812 /* Paranoia */ = {
			isa = PBXGroup;
			children = (
				AE65173F2943FF5100385555 /* XcodeFiles */,
				AE65173D2943FF2C00385555 /* VC&V */,
				AE65173B2943FF0900385555 /* Resources */,
				AEBE19DB293F79CC00983812 /* Main.storyboard */,
				AEBE19DE293F79CD00983812 /* Assets.xcassets */,
				AEBE19E0293F79CD00983812 /* LaunchScreen.storyboard */,
				AEBE19E3293F79CD00983812 /* Info.plist */,
				AE6517362943F2C600385555 /* Extensions */,
			);
			path = Paranoia;
			sourceTree = "<group>";
		};
		DFA143D529E1D0019E5E63DC /* Frameworks */ = {
			isa = PBXGroup;
			children = (
				BF40E4DA93E414E711DEE16D /* Pods_Paranoia.framework */,
			);
			name = Frameworks;
			sourceTree = "<group>";
		};
		E8D987E99F17732EDF1FF5A3 /* Pods */ = {
			isa = PBXGroup;
			children = (
				3CEE3CFC31437D11CB792770 /* Pods-Paranoia.debug.xcconfig */,
				B90C0E61178358B8ADF44B67 /* Pods-Paranoia.release.xcconfig */,
			);
			path = Pods;
			sourceTree = "<group>";
		};
/* End PBXGroup section */

/* Begin PBXNativeTarget section */
		AEBE19D1293F79CC00983812 /* Paranoia */ = {
			isa = PBXNativeTarget;
			buildConfigurationList = AEBE19E6293F79CD00983812 /* Build configuration list for PBXNativeTarget "Paranoia" */;
			buildPhases = (
				2FE1112D02BA7A2DCEEBBC4F /* [CP] Check Pods Manifest.lock */,
				AEBE19CE293F79CC00983812 /* Sources */,
				AEBE19CF293F79CC00983812 /* Frameworks */,
				AEBE19D0293F79CC00983812 /* Resources */,
				1AF6452D13DA1B8C3558E78C /* [CP] Embed Pods Frameworks */,
			);
			buildRules = (
			);
			dependencies = (
			);
			name = Paranoia;
			productName = Paranoia;
			productReference = AEBE19D2293F79CC00983812 /* Paranoia.app */;
			productType = "com.apple.product-type.application";
		};
/* End PBXNativeTarget section */

/* Begin PBXProject section */
		AEBE19CA293F79CC00983812 /* Project object */ = {
			isa = PBXProject;
			attributes = {
				BuildIndependentTargetsInParallel = 1;
				LastSwiftUpdateCheck = 1400;
				LastUpgradeCheck = 1400;
				TargetAttributes = {
					AEBE19D1293F79CC00983812 = {
						CreatedOnToolsVersion = 14.0.1;
					};
				};
			};
			buildConfigurationList = AEBE19CD293F79CC00983812 /* Build configuration list for PBXProject "Paranoia" */;
			compatibilityVersion = "Xcode 14.0";
			developmentRegion = en;
			hasScannedForEncodings = 0;
			knownRegions = (
				en,
				Base,
			);
			mainGroup = AEBE19C9293F79CC00983812;
			productRefGroup = AEBE19D3293F79CC00983812 /* Products */;
			projectDirPath = "";
			projectRoot = "";
			targets = (
				AEBE19D1293F79CC00983812 /* Paranoia */,
			);
		};
/* End PBXProject section */

/* Begin PBXResourcesBuildPhase section */
		AEBE19D0293F79CC00983812 /* Resources */ = {
			isa = PBXResourcesBuildPhase;
			buildActionMask = 2147483647;
			files = (
				AEBE19E2293F79CD00983812 /* LaunchScreen.storyboard in Resources */,
				AEBE19DF293F79CD00983812 /* Assets.xcassets in Resources */,
				AEBE19DD293F79CC00983812 /* Main.storyboard in Resources */,
			);
			runOnlyForDeploymentPostprocessing = 0;
		};
/* End PBXResourcesBuildPhase section */

/* Begin PBXShellScriptBuildPhase section */
		1AF6452D13DA1B8C3558E78C /* [CP] Embed Pods Frameworks */ = {
			isa = PBXShellScriptBuildPhase;
			buildActionMask = 2147483647;
			files = (
			);
			inputFileListPaths = (
				"${PODS_ROOT}/Target Support Files/Pods-Paranoia/Pods-Paranoia-frameworks-${CONFIGURATION}-input-files.xcfilelist",
			);
			name = "[CP] Embed Pods Frameworks";
			outputFileListPaths = (
				"${PODS_ROOT}/Target Support Files/Pods-Paranoia/Pods-Paranoia-frameworks-${CONFIGURATION}-output-files.xcfilelist",
			);
			runOnlyForDeploymentPostprocessing = 0;
			shellPath = /bin/sh;
			shellScript = "\"${PODS_ROOT}/Target Support Files/Pods-Paranoia/Pods-Paranoia-frameworks.sh\"\n";
			showEnvVarsInLog = 0;
		};
		2FE1112D02BA7A2DCEEBBC4F /* [CP] Check Pods Manifest.lock */ = {
			isa = PBXShellScriptBuildPhase;
			buildActionMask = 2147483647;
			files = (
			);
			inputFileListPaths = (
			);
			inputPaths = (
				"${PODS_PODFILE_DIR_PATH}/Podfile.lock",
				"${PODS_ROOT}/Manifest.lock",
			);
			name = "[CP] Check Pods Manifest.lock";
			outputFileListPaths = (
			);
			outputPaths = (
				"$(DERIVED_FILE_DIR)/Pods-Paranoia-checkManifestLockResult.txt",
			);
			runOnlyForDeploymentPostprocessing = 0;
			shellPath = /bin/sh;
			shellScript = "diff \"${PODS_PODFILE_DIR_PATH}/Podfile.lock\" \"${PODS_ROOT}/Manifest.lock\" > /dev/null\nif [ $? != 0 ] ; then\n    # print error to STDERR\n    echo \"error: The sandbox is not in sync with the Podfile.lock. Run 'pod install' or update your CocoaPods installation.\" >&2\n    exit 1\nfi\n# This output is used by Xcode 'outputs' to avoid re-running this script phase.\necho \"SUCCESS\" > \"${SCRIPT_OUTPUT_FILE_0}\"\n";
			showEnvVarsInLog = 0;
		};
/* End PBXShellScriptBuildPhase section */

/* Begin PBXSourcesBuildPhase section */
		AEBE19CE293F79CC00983812 /* Sources */ = {
			isa = PBXSourcesBuildPhase;
			buildActionMask = 2147483647;
			files = (
				AE65172F2943EED200385555 /* startViewController.swift in Sources */,
				AE65173A2943FB1900385555 /* WhiteDefaultButton.swift in Sources */,
				AE6517352943F2B800385555 /* UIView+Ext..swift in Sources */,
				AE6517332943F24300385555 /* StartView.swift in Sources */,
				AEBE19D6293F79CC00983812 /* AppDelegate.swift in Sources */,
				AE6517382943F41D00385555 /* Enums&structs.swift in Sources */,
				AEBE19D8293F79CC00983812 /* SceneDelegate.swift in Sources */,
			);
			runOnlyForDeploymentPostprocessing = 0;
		};
/* End PBXSourcesBuildPhase section */

/* Begin PBXVariantGroup section */
		AEBE19DB293F79CC00983812 /* Main.storyboard */ = {
			isa = PBXVariantGroup;
			children = (
				AEBE19DC293F79CC00983812 /* Base */,
			);
			name = Main.storyboard;
			sourceTree = "<group>";
		};
		AEBE19E0293F79CD00983812 /* LaunchScreen.storyboard */ = {
			isa = PBXVariantGroup;
			children = (
				AEBE19E1293F79CD00983812 /* Base */,
			);
			name = LaunchScreen.storyboard;
			sourceTree = "<group>";
		};
/* End PBXVariantGroup section */

/* Begin XCBuildConfiguration section */
		AEBE19E4293F79CD00983812 /* Debug */ = {
			isa = XCBuildConfiguration;
			buildSettings = {
				ALWAYS_SEARCH_USER_PATHS = NO;
				CLANG_ANALYZER_NONNULL = YES;
				CLANG_ANALYZER_NUMBER_OBJECT_CONVERSION = YES_AGGRESSIVE;
				CLANG_CXX_LANGUAGE_STANDARD = "gnu++20";
				CLANG_ENABLE_MODULES = YES;
				CLANG_ENABLE_OBJC_ARC = YES;
				CLANG_ENABLE_OBJC_WEAK = YES;
				CLANG_WARN_BLOCK_CAPTURE_AUTORELEASING = YES;
				CLANG_WARN_BOOL_CONVERSION = YES;
				CLANG_WARN_COMMA = YES;
				CLANG_WARN_CONSTANT_CONVERSION = YES;
				CLANG_WARN_DEPRECATED_OBJC_IMPLEMENTATIONS = YES;
				CLANG_WARN_DIRECT_OBJC_ISA_USAGE = YES_ERROR;
				CLANG_WARN_DOCUMENTATION_COMMENTS = YES;
				CLANG_WARN_EMPTY_BODY = YES;
				CLANG_WARN_ENUM_CONVERSION = YES;
				CLANG_WARN_INFINITE_RECURSION = YES;
				CLANG_WARN_INT_CONVERSION = YES;
				CLANG_WARN_NON_LITERAL_NULL_CONVERSION = YES;
				CLANG_WARN_OBJC_IMPLICIT_RETAIN_SELF = YES;
				CLANG_WARN_OBJC_LITERAL_CONVERSION = YES;
				CLANG_WARN_OBJC_ROOT_CLASS = YES_ERROR;
				CLANG_WARN_QUOTED_INCLUDE_IN_FRAMEWORK_HEADER = YES;
				CLANG_WARN_RANGE_LOOP_ANALYSIS = YES;
				CLANG_WARN_STRICT_PROTOTYPES = YES;
				CLANG_WARN_SUSPICIOUS_MOVE = YES;
				CLANG_WARN_UNGUARDED_AVAILABILITY = YES_AGGRESSIVE;
				CLANG_WARN_UNREACHABLE_CODE = YES;
				CLANG_WARN__DUPLICATE_METHOD_MATCH = YES;
				COPY_PHASE_STRIP = NO;
				DEBUG_INFORMATION_FORMAT = dwarf;
				ENABLE_STRICT_OBJC_MSGSEND = YES;
				ENABLE_TESTABILITY = YES;
				GCC_C_LANGUAGE_STANDARD = gnu11;
				GCC_DYNAMIC_NO_PIC = NO;
				GCC_NO_COMMON_BLOCKS = YES;
				GCC_OPTIMIZATION_LEVEL = 0;
				GCC_PREPROCESSOR_DEFINITIONS = (
					"DEBUG=1",
					"$(inherited)",
				);
				GCC_WARN_64_TO_32_BIT_CONVERSION = YES;
				GCC_WARN_ABOUT_RETURN_TYPE = YES_ERROR;
				GCC_WARN_UNDECLARED_SELECTOR = YES;
				GCC_WARN_UNINITIALIZED_AUTOS = YES_AGGRESSIVE;
				GCC_WARN_UNUSED_FUNCTION = YES;
				GCC_WARN_UNUSED_VARIABLE = YES;
				IPHONEOS_DEPLOYMENT_TARGET = 16.0;
				MTL_ENABLE_DEBUG_INFO = INCLUDE_SOURCE;
				MTL_FAST_MATH = YES;
				ONLY_ACTIVE_ARCH = YES;
				SDKROOT = iphoneos;
				SWIFT_ACTIVE_COMPILATION_CONDITIONS = DEBUG;
				SWIFT_OPTIMIZATION_LEVEL = "-Onone";
			};
			name = Debug;
		};
		AEBE19E5293F79CD00983812 /* Release */ = {
			isa = XCBuildConfiguration;
			buildSettings = {
				ALWAYS_SEARCH_USER_PATHS = NO;
				CLANG_ANALYZER_NONNULL = YES;
				CLANG_ANALYZER_NUMBER_OBJECT_CONVERSION = YES_AGGRESSIVE;
				CLANG_CXX_LANGUAGE_STANDARD = "gnu++20";
				CLANG_ENABLE_MODULES = YES;
				CLANG_ENABLE_OBJC_ARC = YES;
				CLANG_ENABLE_OBJC_WEAK = YES;
				CLANG_WARN_BLOCK_CAPTURE_AUTORELEASING = YES;
				CLANG_WARN_BOOL_CONVERSION = YES;
				CLANG_WARN_COMMA = YES;
				CLANG_WARN_CONSTANT_CONVERSION = YES;
				CLANG_WARN_DEPRECATED_OBJC_IMPLEMENTATIONS = YES;
				CLANG_WARN_DIRECT_OBJC_ISA_USAGE = YES_ERROR;
				CLANG_WARN_DOCUMENTATION_COMMENTS = YES;
				CLANG_WARN_EMPTY_BODY = YES;
				CLANG_WARN_ENUM_CONVERSION = YES;
				CLANG_WARN_INFINITE_RECURSION = YES;
				CLANG_WARN_INT_CONVERSION = YES;
				CLANG_WARN_NON_LITERAL_NULL_CONVERSION = YES;
				CLANG_WARN_OBJC_IMPLICIT_RETAIN_SELF = YES;
				CLANG_WARN_OBJC_LITERAL_CONVERSION = YES;
				CLANG_WARN_OBJC_ROOT_CLASS = YES_ERROR;
				CLANG_WARN_QUOTED_INCLUDE_IN_FRAMEWORK_HEADER = YES;
				CLANG_WARN_RANGE_LOOP_ANALYSIS = YES;
				CLANG_WARN_STRICT_PROTOTYPES = YES;
				CLANG_WARN_SUSPICIOUS_MOVE = YES;
				CLANG_WARN_UNGUARDED_AVAILABILITY = YES_AGGRESSIVE;
				CLANG_WARN_UNREACHABLE_CODE = YES;
				CLANG_WARN__DUPLICATE_METHOD_MATCH = YES;
				COPY_PHASE_STRIP = NO;
				DEBUG_INFORMATION_FORMAT = "dwarf-with-dsym";
				ENABLE_NS_ASSERTIONS = NO;
				ENABLE_STRICT_OBJC_MSGSEND = YES;
				GCC_C_LANGUAGE_STANDARD = gnu11;
				GCC_NO_COMMON_BLOCKS = YES;
				GCC_WARN_64_TO_32_BIT_CONVERSION = YES;
				GCC_WARN_ABOUT_RETURN_TYPE = YES_ERROR;
				GCC_WARN_UNDECLARED_SELECTOR = YES;
				GCC_WARN_UNINITIALIZED_AUTOS = YES_AGGRESSIVE;
				GCC_WARN_UNUSED_FUNCTION = YES;
				GCC_WARN_UNUSED_VARIABLE = YES;
				IPHONEOS_DEPLOYMENT_TARGET = 16.0;
				MTL_ENABLE_DEBUG_INFO = NO;
				MTL_FAST_MATH = YES;
				SDKROOT = iphoneos;
				SWIFT_COMPILATION_MODE = wholemodule;
				SWIFT_OPTIMIZATION_LEVEL = "-O";
				VALIDATE_PRODUCT = YES;
			};
			name = Release;
		};
		AEBE19E7293F79CD00983812 /* Debug */ = {
			isa = XCBuildConfiguration;
			baseConfigurationReference = 3CEE3CFC31437D11CB792770 /* Pods-Paranoia.debug.xcconfig */;
			buildSettings = {
				ASSETCATALOG_COMPILER_APPICON_NAME = AppIcon;
				ASSETCATALOG_COMPILER_GLOBAL_ACCENT_COLOR_NAME = AccentColor;
				CODE_SIGN_STYLE = Automatic;
				CURRENT_PROJECT_VERSION = 1;
				DEVELOPMENT_TEAM = RC278SCP9R;
				GENERATE_INFOPLIST_FILE = YES;
				INFOPLIST_FILE = Paranoia/Info.plist;
				INFOPLIST_KEY_UIApplicationSupportsIndirectInputEvents = YES;
				INFOPLIST_KEY_UILaunchStoryboardName = LaunchScreen;
				INFOPLIST_KEY_UIMainStoryboardFile = Main;
				INFOPLIST_KEY_UISupportedInterfaceOrientations_iPad = "UIInterfaceOrientationPortrait UIInterfaceOrientationPortraitUpsideDown UIInterfaceOrientationLandscapeLeft UIInterfaceOrientationLandscapeRight";
				INFOPLIST_KEY_UISupportedInterfaceOrientations_iPhone = "UIInterfaceOrientationPortrait UIInterfaceOrientationLandscapeLeft UIInterfaceOrientationLandscapeRight";
				LD_RUNPATH_SEARCH_PATHS = (
					"$(inherited)",
					"@executable_path/Frameworks",
				);
				MARKETING_VERSION = 1.0;
				PRODUCT_BUNDLE_IDENTIFIER = com.armoons.Paranoia;
				PRODUCT_NAME = "$(TARGET_NAME)";
				SWIFT_EMIT_LOC_STRINGS = YES;
				SWIFT_VERSION = 5.0;
				TARGETED_DEVICE_FAMILY = "1,2";
			};
			name = Debug;
		};
		AEBE19E8293F79CD00983812 /* Release */ = {
			isa = XCBuildConfiguration;
			baseConfigurationReference = B90C0E61178358B8ADF44B67 /* Pods-Paranoia.release.xcconfig */;
			buildSettings = {
				ASSETCATALOG_COMPILER_APPICON_NAME = AppIcon;
				ASSETCATALOG_COMPILER_GLOBAL_ACCENT_COLOR_NAME = AccentColor;
				CODE_SIGN_STYLE = Automatic;
				CURRENT_PROJECT_VERSION = 1;
				DEVELOPMENT_TEAM = RC278SCP9R;
				GENERATE_INFOPLIST_FILE = YES;
				INFOPLIST_FILE = Paranoia/Info.plist;
				INFOPLIST_KEY_UIApplicationSupportsIndirectInputEvents = YES;
				INFOPLIST_KEY_UILaunchStoryboardName = LaunchScreen;
				INFOPLIST_KEY_UIMainStoryboardFile = Main;
				INFOPLIST_KEY_UISupportedInterfaceOrientations_iPad = "UIInterfaceOrientationPortrait UIInterfaceOrientationPortraitUpsideDown UIInterfaceOrientationLandscapeLeft UIInterfaceOrientationLandscapeRight";
				INFOPLIST_KEY_UISupportedInterfaceOrientations_iPhone = "UIInterfaceOrientationPortrait UIInterfaceOrientationLandscapeLeft UIInterfaceOrientationLandscapeRight";
				LD_RUNPATH_SEARCH_PATHS = (
					"$(inherited)",
					"@executable_path/Frameworks",
				);
				MARKETING_VERSION = 1.0;
				PRODUCT_BUNDLE_IDENTIFIER = com.armoons.Paranoia;
				PRODUCT_NAME = "$(TARGET_NAME)";
				SWIFT_EMIT_LOC_STRINGS = YES;
				SWIFT_VERSION = 5.0;
				TARGETED_DEVICE_FAMILY = "1,2";
			};
			name = Release;
		};
/* End XCBuildConfiguration section */

/* Begin XCConfigurationList section */
		AEBE19CD293F79CC00983812 /* Build configuration list for PBXProject "Paranoia" */ = {
			isa = XCConfigurationList;
			buildConfigurations = (
				AEBE19E4293F79CD00983812 /* Debug */,
				AEBE19E5293F79CD00983812 /* Release */,
			);
			defaultConfigurationIsVisible = 0;
			defaultConfigurationName = Release;
		};
		AEBE19E6293F79CD00983812 /* Build configuration list for PBXNativeTarget "Paranoia" */ = {
			isa = XCConfigurationList;
			buildConfigurations = (
				AEBE19E7293F79CD00983812 /* Debug */,
				AEBE19E8293F79CD00983812 /* Release */,
			);
			defaultConfigurationIsVisible = 0;
			defaultConfigurationName = Release;
		};
/* End XCConfigurationList section */
	};
	rootObject = AEBE19CA293F79CC00983812 /* Project object */;
}
